// !$*UTF8*$!
{
	archiveVersion = 1;
	classes = {
	};
	objectVersion = 56;
	objects = {

/* Begin PBXBuildFile section */
		A8D3241A2B08C6E100DD0103 /* Alamofire in Frameworks */ = {isa = PBXBuildFile; productRef = A8D324192B08C6E100DD0103 /* Alamofire */; };
		A8D3241D2B08C7E200DD0103 /* SwiftUINavigation in Frameworks */ = {isa = PBXBuildFile; productRef = A8D3241C2B08C7E200DD0103 /* SwiftUINavigation */; };
		A8D3241F2B08C7E200DD0103 /* SwiftUINavigationCore in Frameworks */ = {isa = PBXBuildFile; productRef = A8D3241E2B08C7E200DD0103 /* SwiftUINavigationCore */; };
		A8D324252B08C85200DD0103 /* MainViewModel.swift in Sources */ = {isa = PBXBuildFile; fileRef = A8D324242B08C85200DD0103 /* MainViewModel.swift */; };
		A8D324282B08C92400DD0103 /* SearchView.swift in Sources */ = {isa = PBXBuildFile; fileRef = A8D324272B08C92400DD0103 /* SearchView.swift */; };
		A8FF908B2B02EE67004A8EDE /* MinimalWeatherApp.swift in Sources */ = {isa = PBXBuildFile; fileRef = A8FF908A2B02EE67004A8EDE /* MinimalWeatherApp.swift */; };
		A8FF908D2B02EE67004A8EDE /* ContentView.swift in Sources */ = {isa = PBXBuildFile; fileRef = A8FF908C2B02EE67004A8EDE /* ContentView.swift */; };
		A8FF908F2B02EE68004A8EDE /* Assets.xcassets in Resources */ = {isa = PBXBuildFile; fileRef = A8FF908E2B02EE68004A8EDE /* Assets.xcassets */; };
		A8FF90922B02EE68004A8EDE /* Preview Assets.xcassets in Resources */ = {isa = PBXBuildFile; fileRef = A8FF90912B02EE68004A8EDE /* Preview Assets.xcassets */; };
		A8FF90942B02EE68004A8EDE /* Persistence.swift in Sources */ = {isa = PBXBuildFile; fileRef = A8FF90932B02EE68004A8EDE /* Persistence.swift */; };
		A8FF90972B02EE68004A8EDE /* MinimalWeather.xcdatamodeld in Sources */ = {isa = PBXBuildFile; fileRef = A8FF90952B02EE68004A8EDE /* MinimalWeather.xcdatamodeld */; };
/* End PBXBuildFile section */

/* Begin PBXFileReference section */
		A8D324242B08C85200DD0103 /* MainViewModel.swift */ = {isa = PBXFileReference; lastKnownFileType = sourcecode.swift; path = MainViewModel.swift; sourceTree = "<group>"; };
		A8D324272B08C92400DD0103 /* SearchView.swift */ = {isa = PBXFileReference; lastKnownFileType = sourcecode.swift; path = SearchView.swift; sourceTree = "<group>"; };
		A8FF90872B02EE67004A8EDE /* MinimalWeather.app */ = {isa = PBXFileReference; explicitFileType = wrapper.application; includeInIndex = 0; path = MinimalWeather.app; sourceTree = BUILT_PRODUCTS_DIR; };
		A8FF908A2B02EE67004A8EDE /* MinimalWeatherApp.swift */ = {isa = PBXFileReference; lastKnownFileType = sourcecode.swift; path = MinimalWeatherApp.swift; sourceTree = "<group>"; };
		A8FF908C2B02EE67004A8EDE /* ContentView.swift */ = {isa = PBXFileReference; lastKnownFileType = sourcecode.swift; path = ContentView.swift; sourceTree = "<group>"; };
		A8FF908E2B02EE68004A8EDE /* Assets.xcassets */ = {isa = PBXFileReference; lastKnownFileType = folder.assetcatalog; path = Assets.xcassets; sourceTree = "<group>"; };
		A8FF90912B02EE68004A8EDE /* Preview Assets.xcassets */ = {isa = PBXFileReference; lastKnownFileType = folder.assetcatalog; path = "Preview Assets.xcassets"; sourceTree = "<group>"; };
		A8FF90932B02EE68004A8EDE /* Persistence.swift */ = {isa = PBXFileReference; lastKnownFileType = sourcecode.swift; path = Persistence.swift; sourceTree = "<group>"; };
		A8FF90962B02EE68004A8EDE /* MinimalWeather.xcdatamodel */ = {isa = PBXFileReference; lastKnownFileType = wrapper.xcdatamodel; path = MinimalWeather.xcdatamodel; sourceTree = "<group>"; };
/* End PBXFileReference section */

/* Begin PBXFrameworksBuildPhase section */
		A8FF90842B02EE67004A8EDE /* Frameworks */ = {
			isa = PBXFrameworksBuildPhase;
			buildActionMask = 2147483647;
			files = (
				A8D3241D2B08C7E200DD0103 /* SwiftUINavigation in Frameworks */,
				A8D3241F2B08C7E200DD0103 /* SwiftUINavigationCore in Frameworks */,
				A8D3241A2B08C6E100DD0103 /* Alamofire in Frameworks */,
			);
			runOnlyForDeploymentPostprocessing = 0;
		};
/* End PBXFrameworksBuildPhase section */

/* Begin PBXGroup section */
		A8D324202B08C7EC00DD0103 /* Data */ = {
			isa = PBXGroup;
			children = (
				A8D324222B08C83100DD0103 /* Api */,
			);
			path = Data;
			sourceTree = "<group>";
		};
		A8D324212B08C7F600DD0103 /* Presentation */ = {
			isa = PBXGroup;
			children = (
			);
			path = Presentation;
			sourceTree = "<group>";
		};
		A8D324222B08C83100DD0103 /* Api */ = {
			isa = PBXGroup;
			children = (
			);
			path = Api;
			sourceTree = "<group>";
		};
		A8D324232B08C84700DD0103 /* ViewModels */ = {
			isa = PBXGroup;
			children = (
				A8D324242B08C85200DD0103 /* MainViewModel.swift */,
			);
			path = ViewModels;
			sourceTree = "<group>";
		};
		A8D324262B08C91800DD0103 /* Views */ = {
			isa = PBXGroup;
			children = (
				A8D324272B08C92400DD0103 /* SearchView.swift */,
			);
			path = Views;
			sourceTree = "<group>";
		};
		A8FF907E2B02EE67004A8EDE = {
			isa = PBXGroup;
			children = (
				A8FF90892B02EE67004A8EDE /* MinimalWeather */,
				A8FF90882B02EE67004A8EDE /* Products */,
			);
			sourceTree = "<group>";
		};
		A8FF90882B02EE67004A8EDE /* Products */ = {
			isa = PBXGroup;
			children = (
				A8FF90872B02EE67004A8EDE /* MinimalWeather.app */,
			);
			name = Products;
			sourceTree = "<group>";
		};
		A8FF90892B02EE67004A8EDE /* MinimalWeather */ = {
			isa = PBXGroup;
			children = (
				A8D324262B08C91800DD0103 /* Views */,
				A8D324232B08C84700DD0103 /* ViewModels */,
				A8D324212B08C7F600DD0103 /* Presentation */,
				A8D324202B08C7EC00DD0103 /* Data */,
				A8FF908A2B02EE67004A8EDE /* MinimalWeatherApp.swift */,
				A8FF908C2B02EE67004A8EDE /* ContentView.swift */,
				A8FF908E2B02EE68004A8EDE /* Assets.xcassets */,
				A8FF90932B02EE68004A8EDE /* Persistence.swift */,
				A8FF90952B02EE68004A8EDE /* MinimalWeather.xcdatamodeld */,
				A8FF90902B02EE68004A8EDE /* Preview Content */,
			);
			path = MinimalWeather;
			sourceTree = "<group>";
		};
		A8FF90902B02EE68004A8EDE /* Preview Content */ = {
			isa = PBXGroup;
			children = (
				A8FF90912B02EE68004A8EDE /* Preview Assets.xcassets */,
			);
			path = "Preview Content";
			sourceTree = "<group>";
		};
/* End PBXGroup section */

/* Begin PBXNativeTarget section */
		A8FF90862B02EE67004A8EDE /* MinimalWeather */ = {
			isa = PBXNativeTarget;
			buildConfigurationList = A8FF909A2B02EE68004A8EDE /* Build configuration list for PBXNativeTarget "MinimalWeather" */;
			buildPhases = (
				A8FF90832B02EE67004A8EDE /* Sources */,
				A8FF90842B02EE67004A8EDE /* Frameworks */,
				A8FF90852B02EE67004A8EDE /* Resources */,
			);
			buildRules = (
			);
			dependencies = (
			);
			name = MinimalWeather;
			packageProductDependencies = (
				A8D324192B08C6E100DD0103 /* Alamofire */,
				A8D3241C2B08C7E200DD0103 /* SwiftUINavigation */,
				A8D3241E2B08C7E200DD0103 /* SwiftUINavigationCore */,
			);
			productName = MinimalWeather;
			productReference = A8FF90872B02EE67004A8EDE /* MinimalWeather.app */;
			productType = "com.apple.product-type.application";
		};
/* End PBXNativeTarget section */

/* Begin PBXProject section */
		A8FF907F2B02EE67004A8EDE /* Project object */ = {
			isa = PBXProject;
			attributes = {
				BuildIndependentTargetsInParallel = 1;
				LastSwiftUpdateCheck = 1500;
				LastUpgradeCheck = 1500;
				TargetAttributes = {
					A8FF90862B02EE67004A8EDE = {
						CreatedOnToolsVersion = 15.0.1;
					};
				};
			};
			buildConfigurationList = A8FF90822B02EE67004A8EDE /* Build configuration list for PBXProject "MinimalWeather" */;
			compatibilityVersion = "Xcode 14.0";
			developmentRegion = en;
			hasScannedForEncodings = 0;
			knownRegions = (
				en,
				Base,
			);
			mainGroup = A8FF907E2B02EE67004A8EDE;
			packageReferences = (
				A8D324182B08C6E100DD0103 /* XCRemoteSwiftPackageReference "Alamofire" */,
				A8D3241B2B08C7E200DD0103 /* XCRemoteSwiftPackageReference "swiftui-navigation" */,
			);
			productRefGroup = A8FF90882B02EE67004A8EDE /* Products */;
			projectDirPath = "";
			projectRoot = "";
			targets = (
				A8FF90862B02EE67004A8EDE /* MinimalWeather */,
			);
		};
/* End PBXProject section */

/* Begin PBXResourcesBuildPhase section */
		A8FF90852B02EE67004A8EDE /* Resources */ = {
			isa = PBXResourcesBuildPhase;
			buildActionMask = 2147483647;
			files = (
				A8FF90922B02EE68004A8EDE /* Preview Assets.xcassets in Resources */,
				A8FF908F2B02EE68004A8EDE /* Assets.xcassets in Resources */,
			);
			runOnlyForDeploymentPostprocessing = 0;
		};
/* End PBXResourcesBuildPhase section */

/* Begin PBXSourcesBuildPhase section */
		A8FF90832B02EE67004A8EDE /* Sources */ = {
			isa = PBXSourcesBuildPhase;
			buildActionMask = 2147483647;
			files = (
				A8D324252B08C85200DD0103 /* MainViewModel.swift in Sources */,
				A8FF90942B02EE68004A8EDE /* Persistence.swift in Sources */,
				A8FF908D2B02EE67004A8EDE /* ContentView.swift in Sources */,
				A8FF90972B02EE68004A8EDE /* MinimalWeather.xcdatamodeld in Sources */,
				A8D324282B08C92400DD0103 /* SearchView.swift in Sources */,
				A8FF908B2B02EE67004A8EDE /* MinimalWeatherApp.swift in Sources */,
			);
			runOnlyForDeploymentPostprocessing = 0;
		};
/* End PBXSourcesBuildPhase section */

/* Begin XCBuildConfiguration section */
		A8FF90982B02EE68004A8EDE /* Debug */ = {
			isa = XCBuildConfiguration;
			buildSettings = {
				ALWAYS_SEARCH_USER_PATHS = NO;
				ASSETCATALOG_COMPILER_GENERATE_SWIFT_ASSET_SYMBOL_EXTENSIONS = YES;
				CLANG_ANALYZER_NONNULL = YES;
				CLANG_ANALYZER_NUMBER_OBJECT_CONVERSION = YES_AGGRESSIVE;
				CLANG_CXX_LANGUAGE_STANDARD = "gnu++20";
				CLANG_ENABLE_MODULES = YES;
				CLANG_ENABLE_OBJC_ARC = YES;
				CLANG_ENABLE_OBJC_WEAK = YES;
				CLANG_WARN_BLOCK_CAPTURE_AUTORELEASING = YES;
				CLANG_WARN_BOOL_CONVERSION = YES;
				CLANG_WARN_COMMA = YES;
				CLANG_WARN_CONSTANT_CONVERSION = YES;
				CLANG_WARN_DEPRECATED_OBJC_IMPLEMENTATIONS = YES;
				CLANG_WARN_DIRECT_OBJC_ISA_USAGE = YES_ERROR;
				CLANG_WARN_DOCUMENTATION_COMMENTS = YES;
				CLANG_WARN_EMPTY_BODY = YES;
				CLANG_WARN_ENUM_CONVERSION = YES;
				CLANG_WARN_INFINITE_RECURSION = YES;
				CLANG_WARN_INT_CONVERSION = YES;
				CLANG_WARN_NON_LITERAL_NULL_CONVERSION = YES;
				CLANG_WARN_OBJC_IMPLICIT_RETAIN_SELF = YES;
				CLANG_WARN_OBJC_LITERAL_CONVERSION = YES;
				CLANG_WARN_OBJC_ROOT_CLASS = YES_ERROR;
				CLANG_WARN_QUOTED_INCLUDE_IN_FRAMEWORK_HEADER = YES;
				CLANG_WARN_RANGE_LOOP_ANALYSIS = YES;
				CLANG_WARN_STRICT_PROTOTYPES = YES;
				CLANG_WARN_SUSPICIOUS_MOVE = YES;
				CLANG_WARN_UNGUARDED_AVAILABILITY = YES_AGGRESSIVE;
				CLANG_WARN_UNREACHABLE_CODE = YES;
				CLANG_WARN__DUPLICATE_METHOD_MATCH = YES;
				COPY_PHASE_STRIP = NO;
				DEBUG_INFORMATION_FORMAT = dwarf;
				ENABLE_STRICT_OBJC_MSGSEND = YES;
				ENABLE_TESTABILITY = YES;
				ENABLE_USER_SCRIPT_SANDBOXING = YES;
				GCC_C_LANGUAGE_STANDARD = gnu17;
				GCC_DYNAMIC_NO_PIC = NO;
				GCC_NO_COMMON_BLOCKS = YES;
				GCC_OPTIMIZATION_LEVEL = 0;
				GCC_PREPROCESSOR_DEFINITIONS = (
					"DEBUG=1",
					"$(inherited)",
				);
				GCC_WARN_64_TO_32_BIT_CONVERSION = YES;
				GCC_WARN_ABOUT_RETURN_TYPE = YES_ERROR;
				GCC_WARN_UNDECLARED_SELECTOR = YES;
				GCC_WARN_UNINITIALIZED_AUTOS = YES_AGGRESSIVE;
				GCC_WARN_UNUSED_FUNCTION = YES;
				GCC_WARN_UNUSED_VARIABLE = YES;
				IPHONEOS_DEPLOYMENT_TARGET = 17.0;
				LOCALIZATION_PREFERS_STRING_CATALOGS = YES;
				MTL_ENABLE_DEBUG_INFO = INCLUDE_SOURCE;
				MTL_FAST_MATH = YES;
				ONLY_ACTIVE_ARCH = YES;
				SDKROOT = iphoneos;
				SWIFT_ACTIVE_COMPILATION_CONDITIONS = "DEBUG $(inherited)";
				SWIFT_OPTIMIZATION_LEVEL = "-Onone";
			};
			name = Debug;
		};
		A8FF90992B02EE68004A8EDE /* Release */ = {
			isa = XCBuildConfiguration;
			buildSettings = {
				ALWAYS_SEARCH_USER_PATHS = NO;
				ASSETCATALOG_COMPILER_GENERATE_SWIFT_ASSET_SYMBOL_EXTENSIONS = YES;
				CLANG_ANALYZER_NONNULL = YES;
				CLANG_ANALYZER_NUMBER_OBJECT_CONVERSION = YES_AGGRESSIVE;
				CLANG_CXX_LANGUAGE_STANDARD = "gnu++20";
				CLANG_ENABLE_MODULES = YES;
				CLANG_ENABLE_OBJC_ARC = YES;
				CLANG_ENABLE_OBJC_WEAK = YES;
				CLANG_WARN_BLOCK_CAPTURE_AUTORELEASING = YES;
				CLANG_WARN_BOOL_CONVERSION = YES;
				CLANG_WARN_COMMA = YES;
				CLANG_WARN_CONSTANT_CONVERSION = YES;
				CLANG_WARN_DEPRECATED_OBJC_IMPLEMENTATIONS = YES;
				CLANG_WARN_DIRECT_OBJC_ISA_USAGE = YES_ERROR;
				CLANG_WARN_DOCUMENTATION_COMMENTS = YES;
				CLANG_WARN_EMPTY_BODY = YES;
				CLANG_WARN_ENUM_CONVERSION = YES;
				CLANG_WARN_INFINITE_RECURSION = YES;
				CLANG_WARN_INT_CONVERSION = YES;
				CLANG_WARN_NON_LITERAL_NULL_CONVERSION = YES;
				CLANG_WARN_OBJC_IMPLICIT_RETAIN_SELF = YES;
				CLANG_WARN_OBJC_LITERAL_CONVERSION = YES;
				CLANG_WARN_OBJC_ROOT_CLASS = YES_ERROR;
				CLANG_WARN_QUOTED_INCLUDE_IN_FRAMEWORK_HEADER = YES;
				CLANG_WARN_RANGE_LOOP_ANALYSIS = YES;
				CLANG_WARN_STRICT_PROTOTYPES = YES;
				CLANG_WARN_SUSPICIOUS_MOVE = YES;
				CLANG_WARN_UNGUARDED_AVAILABILITY = YES_AGGRESSIVE;
				CLANG_WARN_UNREACHABLE_CODE = YES;
				CLANG_WARN__DUPLICATE_METHOD_MATCH = YES;
				COPY_PHASE_STRIP = NO;
				DEBUG_INFORMATION_FORMAT = "dwarf-with-dsym";
				ENABLE_NS_ASSERTIONS = NO;
				ENABLE_STRICT_OBJC_MSGSEND = YES;
				ENABLE_USER_SCRIPT_SANDBOXING = YES;
				GCC_C_LANGUAGE_STANDARD = gnu17;
				GCC_NO_COMMON_BLOCKS = YES;
				GCC_WARN_64_TO_32_BIT_CONVERSION = YES;
				GCC_WARN_ABOUT_RETURN_TYPE = YES_ERROR;
				GCC_WARN_UNDECLARED_SELECTOR = YES;
				GCC_WARN_UNINITIALIZED_AUTOS = YES_AGGRESSIVE;
				GCC_WARN_UNUSED_FUNCTION = YES;
				GCC_WARN_UNUSED_VARIABLE = YES;
				IPHONEOS_DEPLOYMENT_TARGET = 17.0;
				LOCALIZATION_PREFERS_STRING_CATALOGS = YES;
				MTL_ENABLE_DEBUG_INFO = NO;
				MTL_FAST_MATH = YES;
				SDKROOT = iphoneos;
				SWIFT_COMPILATION_MODE = wholemodule;
				VALIDATE_PRODUCT = YES;
			};
			name = Release;
		};
		A8FF909B2B02EE68004A8EDE /* Debug */ = {
			isa = XCBuildConfiguration;
			buildSettings = {
				ASSETCATALOG_COMPILER_APPICON_NAME = AppIcon;
				ASSETCATALOG_COMPILER_GLOBAL_ACCENT_COLOR_NAME = AccentColor;
				CODE_SIGN_STYLE = Automatic;
				CURRENT_PROJECT_VERSION = 1;
				DEVELOPMENT_ASSET_PATHS = "\"MinimalWeather/Preview Content\"";
				DEVELOPMENT_TEAM = 8UZ966TB7D;
				ENABLE_PREVIEWS = YES;
				GENERATE_INFOPLIST_FILE = YES;
				INFOPLIST_KEY_UIApplicationSceneManifest_Generation = YES;
				INFOPLIST_KEY_UIApplicationSupportsIndirectInputEvents = YES;
				INFOPLIST_KEY_UILaunchScreen_Generation = YES;
				INFOPLIST_KEY_UISupportedInterfaceOrientations_iPad = "UIInterfaceOrientationPortrait UIInterfaceOrientationPortraitUpsideDown UIInterfaceOrientationLandscapeLeft UIInterfaceOrientationLandscapeRight";
				INFOPLIST_KEY_UISupportedInterfaceOrientations_iPhone = "UIInterfaceOrientationPortrait UIInterfaceOrientationLandscapeLeft UIInterfaceOrientationLandscapeRight";
				LD_RUNPATH_SEARCH_PATHS = (
					"$(inherited)",
					"@executable_path/Frameworks",
				);
				MARKETING_VERSION = 1.0;
				PRODUCT_BUNDLE_IDENTIFIER = yegor.cheprasov.MinimalWeather;
				PRODUCT_NAME = "$(TARGET_NAME)";
				SWIFT_EMIT_LOC_STRINGS = YES;
				SWIFT_VERSION = 5.0;
				TARGETED_DEVICE_FAMILY = "1,2";
			};
			name = Debug;
		};
		A8FF909C2B02EE68004A8EDE /* Release */ = {
			isa = XCBuildConfiguration;
			buildSettings = {
				ASSETCATALOG_COMPILER_APPICON_NAME = AppIcon;
				ASSETCATALOG_COMPILER_GLOBAL_ACCENT_COLOR_NAME = AccentColor;
				CODE_SIGN_STYLE = Automatic;
				CURRENT_PROJECT_VERSION = 1;
				DEVELOPMENT_ASSET_PATHS = "\"MinimalWeather/Preview Content\"";
				DEVELOPMENT_TEAM = 8UZ966TB7D;
				ENABLE_PREVIEWS = YES;
				GENERATE_INFOPLIST_FILE = YES;
				INFOPLIST_KEY_UIApplicationSceneManifest_Generation = YES;
				INFOPLIST_KEY_UIApplicationSupportsIndirectInputEvents = YES;
				INFOPLIST_KEY_UILaunchScreen_Generation = YES;
				INFOPLIST_KEY_UISupportedInterfaceOrientations_iPad = "UIInterfaceOrientationPortrait UIInterfaceOrientationPortraitUpsideDown UIInterfaceOrientationLandscapeLeft UIInterfaceOrientationLandscapeRight";
				INFOPLIST_KEY_UISupportedInterfaceOrientations_iPhone = "UIInterfaceOrientationPortrait UIInterfaceOrientationLandscapeLeft UIInterfaceOrientationLandscapeRight";
				LD_RUNPATH_SEARCH_PATHS = (
					"$(inherited)",
					"@executable_path/Frameworks",
				);
				MARKETING_VERSION = 1.0;
				PRODUCT_BUNDLE_IDENTIFIER = yegor.cheprasov.MinimalWeather;
				PRODUCT_NAME = "$(TARGET_NAME)";
				SWIFT_EMIT_LOC_STRINGS = YES;
				SWIFT_VERSION = 5.0;
				TARGETED_DEVICE_FAMILY = "1,2";
			};
			name = Release;
		};
/* End XCBuildConfiguration section */

/* Begin XCConfigurationList section */
		A8FF90822B02EE67004A8EDE /* Build configuration list for PBXProject "MinimalWeather" */ = {
			isa = XCConfigurationList;
			buildConfigurations = (
				A8FF90982B02EE68004A8EDE /* Debug */,
				A8FF90992B02EE68004A8EDE /* Release */,
			);
			defaultConfigurationIsVisible = 0;
			defaultConfigurationName = Release;
		};
		A8FF909A2B02EE68004A8EDE /* Build configuration list for PBXNativeTarget "MinimalWeather" */ = {
			isa = XCConfigurationList;
			buildConfigurations = (
				A8FF909B2B02EE68004A8EDE /* Debug */,
				A8FF909C2B02EE68004A8EDE /* Release */,
			);
			defaultConfigurationIsVisible = 0;
			defaultConfigurationName = Release;
		};
/* End XCConfigurationList section */

/* Begin XCRemoteSwiftPackageReference section */
		A8D324182B08C6E100DD0103 /* XCRemoteSwiftPackageReference "Alamofire" */ = {
			isa = XCRemoteSwiftPackageReference;
			repositoryURL = "https://github.com/Alamofire/Alamofire.git";
			requirement = {
				kind = upToNextMajorVersion;
				minimumVersion = 5.8.1;
			};
		};
		A8D3241B2B08C7E200DD0103 /* XCRemoteSwiftPackageReference "swiftui-navigation" */ = {
			isa = XCRemoteSwiftPackageReference;
			repositoryURL = "https://github.com/pointfreeco/swiftui-navigation";
			requirement = {
				kind = upToNextMajorVersion;
				minimumVersion = 1.2.0;
			};
		};
/* End XCRemoteSwiftPackageReference section */

/* Begin XCSwiftPackageProductDependency section */
		A8D324192B08C6E100DD0103 /* Alamofire */ = {
			isa = XCSwiftPackageProductDependency;
			package = A8D324182B08C6E100DD0103 /* XCRemoteSwiftPackageReference "Alamofire" */;
			productName = Alamofire;
		};
		A8D3241C2B08C7E200DD0103 /* SwiftUINavigation */ = {
			isa = XCSwiftPackageProductDependency;
			package = A8D3241B2B08C7E200DD0103 /* XCRemoteSwiftPackageReference "swiftui-navigation" */;
			productName = SwiftUINavigation;
		};
		A8D3241E2B08C7E200DD0103 /* SwiftUINavigationCore */ = {
			isa = XCSwiftPackageProductDependency;
			package = A8D3241B2B08C7E200DD0103 /* XCRemoteSwiftPackageReference "swiftui-navigation" */;
			productName = SwiftUINavigationCore;
		};
/* End XCSwiftPackageProductDependency section */

/* Begin XCVersionGroup section */
		A8FF90952B02EE68004A8EDE /* MinimalWeather.xcdatamodeld */ = {
			isa = XCVersionGroup;
			children = (
				A8FF90962B02EE68004A8EDE /* MinimalWeather.xcdatamodel */,
			);
			currentVersion = A8FF90962B02EE68004A8EDE /* MinimalWeather.xcdatamodel */;
			path = MinimalWeather.xcdatamodeld;
			sourceTree = "<group>";
			versionGroupType = wrapper.xcdatamodel;
		};
/* End XCVersionGroup section */
	};
	rootObject = A8FF907F2B02EE67004A8EDE /* Project object */;
}
